
Microsoft Visual Studio Solution File, Format Version 12.00
# Visual Studio 15
VisualStudioVersion = 15.0.26124.0
MinimumVisualStudioVersion = 15.0.26124.0
Project("{FAE04EC0-301F-11D3-BF4B-00C04F79EFBC}") = "mockserver.client.net", "mockserver.client.net\mockserver.client.net.csproj", "{9FE13FDE-9CD3-46B2-9B3E-56EAF3878FCA}"
EndProject
Project("{FAE04EC0-301F-11D3-BF4B-00C04F79EFBC}") = "mockserver.client.net.tests.unit", "mockserver.client.net.tests.unit\mockserver.client.net.tests.unit.csproj", "{002D1CA3-8034-400E-9D08-ADEE7FA7FCC9}"
EndProject
Project("{FAE04EC0-301F-11D3-BF4B-00C04F79EFBC}") = "mockserver.client.net.tests.integration", "mockserver.client.net.tests.integration\mockserver.client.net.tests.integration.csproj", "{AB1CC1CF-84DB-48CC-8831-CFDE526D4BA6}"
EndProject
Global
	GlobalSection(SolutionConfigurationPlatforms) = preSolution
		Debug|Any CPU = Debug|Any CPU
		Debug|x64 = Debug|x64
		Debug|x86 = Debug|x86
		Release|Any CPU = Release|Any CPU
		Release|x64 = Release|x64
		Release|x86 = Release|x86
	EndGlobalSection
	GlobalSection(SolutionProperties) = preSolution
		HideSolutionNode = FALSE
	EndGlobalSection
	GlobalSection(ProjectConfigurationPlatforms) = postSolution
		{9FE13FDE-9CD3-46B2-9B3E-56EAF3878FCA}.Debug|Any CPU.ActiveCfg = Debug|Any CPU
		{9FE13FDE-9CD3-46B2-9B3E-56EAF3878FCA}.Debug|Any CPU.Build.0 = Debug|Any CPU
		{9FE13FDE-9CD3-46B2-9B3E-56EAF3878FCA}.Debug|x64.ActiveCfg = Debug|Any CPU
		{9FE13FDE-9CD3-46B2-9B3E-56EAF3878FCA}.Debug|x64.Build.0 = Debug|Any CPU
		{9FE13FDE-9CD3-46B2-9B3E-56EAF3878FCA}.Debug|x86.ActiveCfg = Debug|Any CPU
		{9FE13FDE-9CD3-46B2-9B3E-56EAF3878FCA}.Debug|x86.Build.0 = Debug|Any CPU
		{9FE13FDE-9CD3-46B2-9B3E-56EAF3878FCA}.Release|Any CPU.ActiveCfg = Release|Any CPU
		{9FE13FDE-9CD3-46B2-9B3E-56EAF3878FCA}.Release|Any CPU.Build.0 = Release|Any CPU
		{9FE13FDE-9CD3-46B2-9B3E-56EAF3878FCA}.Release|x64.ActiveCfg = Release|Any CPU
		{9FE13FDE-9CD3-46B2-9B3E-56EAF3878FCA}.Release|x64.Build.0 = Release|Any CPU
		{9FE13FDE-9CD3-46B2-9B3E-56EAF3878FCA}.Release|x86.ActiveCfg = Release|Any CPU
		{9FE13FDE-9CD3-46B2-9B3E-56EAF3878FCA}.Release|x86.Build.0 = Release|Any CPU
		{002D1CA3-8034-400E-9D08-ADEE7FA7FCC9}.Debug|Any CPU.ActiveCfg = Debug|Any CPU
		{002D1CA3-8034-400E-9D08-ADEE7FA7FCC9}.Debug|Any CPU.Build.0 = Debug|Any CPU
		{002D1CA3-8034-400E-9D08-ADEE7FA7FCC9}.Debug|x64.ActiveCfg = Debug|Any CPU
		{002D1CA3-8034-400E-9D08-ADEE7FA7FCC9}.Debug|x64.Build.0 = Debug|Any CPU
		{002D1CA3-8034-400E-9D08-ADEE7FA7FCC9}.Debug|x86.ActiveCfg = Debug|Any CPU
		{002D1CA3-8034-400E-9D08-ADEE7FA7FCC9}.Debug|x86.Build.0 = Debug|Any CPU
		{002D1CA3-8034-400E-9D08-ADEE7FA7FCC9}.Release|Any CPU.ActiveCfg = Release|Any CPU
		{002D1CA3-8034-400E-9D08-ADEE7FA7FCC9}.Release|Any CPU.Build.0 = Release|Any CPU
		{002D1CA3-8034-400E-9D08-ADEE7FA7FCC9}.Release|x64.ActiveCfg = Release|Any CPU
		{002D1CA3-8034-400E-9D08-ADEE7FA7FCC9}.Release|x64.Build.0 = Release|Any CPU
		{002D1CA3-8034-400E-9D08-ADEE7FA7FCC9}.Release|x86.ActiveCfg = Release|Any CPU
		{002D1CA3-8034-400E-9D08-ADEE7FA7FCC9}.Release|x86.Build.0 = Release|Any CPU
		{AB1CC1CF-84DB-48CC-8831-CFDE526D4BA6}.Debug|Any CPU.ActiveCfg = Debug|Any CPU
		{AB1CC1CF-84DB-48CC-8831-CFDE526D4BA6}.Debug|Any CPU.Build.0 = Debug|Any CPU
		{AB1CC1CF-84DB-48CC-8831-CFDE526D4BA6}.Debug|x64.ActiveCfg = Debug|Any CPU
		{AB1CC1CF-84DB-48CC-8831-CFDE526D4BA6}.Debug|x64.Build.0 = Debug|Any CPU
		{AB1CC1CF-84DB-48CC-8831-CFDE526D4BA6}.Debug|x86.ActiveCfg = Debug|Any CPU
		{AB1CC1CF-84DB-48CC-8831-CFDE526D4BA6}.Debug|x86.Build.0 = Debug|Any CPU
		{AB1CC1CF-84DB-48CC-8831-CFDE526D4BA6}.Release|Any CPU.ActiveCfg = Release|Any CPU
		{AB1CC1CF-84DB-48CC-8831-CFDE526D4BA6}.Release|Any CPU.Build.0 = Release|Any CPU
		{AB1CC1CF-84DB-48CC-8831-CFDE526D4BA6}.Release|x64.ActiveCfg = Release|Any CPU
		{AB1CC1CF-84DB-48CC-8831-CFDE526D4BA6}.Release|x64.Build.0 = Release|Any CPU
		{AB1CC1CF-84DB-48CC-8831-CFDE526D4BA6}.Release|x86.ActiveCfg = Release|Any CPU
		{AB1CC1CF-84DB-48CC-8831-CFDE526D4BA6}.Release|x86.Build.0 = Release|Any CPU
	EndGlobalSection
EndGlobal
